Microsoft Visual Studio Solution File, Format Version 12.00
# Visual Studio Version 17
VisualStudioVersion = 17.5.2.0
MinimumVisualStudioVersion = 10.0.40219.1
Project("{2150E333-8FDC-42A3-9474-1A3956D46DE8}") = "DotNetCore", "DotNetCore", "{A5DAB7C7-B31E-8C04-85F8-FFAE46E535B4}"
EndProject
Project("{FAE04EC0-301F-11D3-BF4B-00C04F79EFBC}") = "Grafos", "DotNetCore\Grafos.csproj", "{1100665D-E587-C674-AF7A-1D03AE0420B8}"
EndProject
Global
	GlobalSection(SolutionConfigurationPlatforms) = preSolution
		Debug|Any CPU = Debug|Any CPU
		Release|Any CPU = Release|Any CPU
	EndGlobalSection
	GlobalSection(ProjectConfigurationPlatforms) = postSolution
		{1100665D-E587-C674-AF7A-1D03AE0420B8}.Debug|Any CPU.ActiveCfg = Debug|Any CPU
		{1100665D-E587-C674-AF7A-1D03AE0420B8}.Debug|Any CPU.Build.0 = Debug|Any CPU
		{1100665D-E587-C674-AF7A-1D03AE0420B8}.Release|Any CPU.ActiveCfg = Release|Any CPU
		{1100665D-E587-C674-AF7A-1D03AE0420B8}.Release|Any CPU.Build.0 = Release|Any CPU
	EndGlobalSection
	GlobalSection(SolutionProperties) = preSolution
		HideSolutionNode = FALSE
	EndGlobalSection
	GlobalSection(NestedProjects) = preSolution
		{1100665D-E587-C674-AF7A-1D03AE0420B8} = {A5DAB7C7-B31E-8C04-85F8-FFAE46E535B4}
	EndGlobalSection
	GlobalSection(ExtensibilityGlobals) = postSolution
		SolutionGuid = {AC7CEE14-CE04-41C9-B801-C4EA09817D85}
	EndGlobalSection
EndGlobal
